
Microsoft Visual Studio Solution File, Format Version 12.00
# Visual Studio Version 17
VisualStudioVersion = 17.4.33122.133
MinimumVisualStudioVersion = 10.0.40219.1
Project("{FAE04EC0-301F-11D3-BF4B-00C04F79EFBC}") = "WizardApp.Android", "WizardApp\WizardApp.Android\WizardApp.Android.csproj", "{8E1FF2A9-B40E-48D3-A152-21CE3F08410F}"
EndProject
Project("{9A19103F-16F7-4668-BE54-9A1E7A4F7556}") = "WizardApp", "WizardApp\WizardApp\WizardApp.csproj", "{442CEA8A-4BE2-4669-8296-31B3C4916E81}"
EndProject
Global
	GlobalSection(SolutionConfigurationPlatforms) = preSolution
		Debug|Any CPU = Debug|Any CPU
		Debug|iPhone = Debug|iPhone
		Debug|iPhoneSimulator = Debug|iPhoneSimulator
		Release|Any CPU = Release|Any CPU
		Release|iPhone = Release|iPhone
		Release|iPhoneSimulator = Release|iPhoneSimulator
	EndGlobalSection
	GlobalSection(ProjectConfigurationPlatforms) = postSolution
		{8E1FF2A9-B40E-48D3-A152-21CE3F08410F}.Debug|Any CPU.ActiveCfg = Debug|Any CPU
		{8E1FF2A9-B40E-48D3-A152-21CE3F08410F}.Debug|Any CPU.Build.0 = Debug|Any CPU
		{8E1FF2A9-B40E-48D3-A152-21CE3F08410F}.Debug|Any CPU.Deploy.0 = Debug|Any CPU
		{8E1FF2A9-B40E-48D3-A152-21CE3F08410F}.Debug|iPhone.ActiveCfg = Debug|Any CPU
		{8E1FF2A9-B40E-48D3-A152-21CE3F08410F}.Debug|iPhone.Build.0 = Debug|Any CPU
		{8E1FF2A9-B40E-48D3-A152-21CE3F08410F}.Debug|iPhoneSimulator.ActiveCfg = Debug|Any CPU
		{8E1FF2A9-B40E-48D3-A152-21CE3F08410F}.Debug|iPhoneSimulator.Build.0 = Debug|Any CPU
		{8E1FF2A9-B40E-48D3-A152-21CE3F08410F}.Release|Any CPU.ActiveCfg = Release|Any CPU
		{8E1FF2A9-B40E-48D3-A152-21CE3F08410F}.Release|Any CPU.Build.0 = Release|Any CPU
		{8E1FF2A9-B40E-48D3-A152-21CE3F08410F}.Release|iPhone.ActiveCfg = Release|Any CPU
		{8E1FF2A9-B40E-48D3-A152-21CE3F08410F}.Release|iPhone.Build.0 = Release|Any CPU
		{8E1FF2A9-B40E-48D3-A152-21CE3F08410F}.Release|iPhoneSimulator.ActiveCfg = Release|Any CPU
		{8E1FF2A9-B40E-48D3-A152-21CE3F08410F}.Release|iPhoneSimulator.Build.0 = Release|Any CPU
		{442CEA8A-4BE2-4669-8296-31B3C4916E81}.Debug|Any CPU.ActiveCfg = Debug|Any CPU
		{442CEA8A-4BE2-4669-8296-31B3C4916E81}.Debug|Any CPU.Build.0 = Debug|Any CPU
		{442CEA8A-4BE2-4669-8296-31B3C4916E81}.Debug|iPhone.ActiveCfg = Debug|Any CPU
		{442CEA8A-4BE2-4669-8296-31B3C4916E81}.Debug|iPhone.Build.0 = Debug|Any CPU
		{442CEA8A-4BE2-4669-8296-31B3C4916E81}.Debug|iPhoneSimulator.ActiveCfg = Debug|Any CPU
		{442CEA8A-4BE2-4669-8296-31B3C4916E81}.Debug|iPhoneSimulator.Build.0 = Debug|Any CPU
		{442CEA8A-4BE2-4669-8296-31B3C4916E81}.Release|Any CPU.ActiveCfg = Release|Any CPU
		{442CEA8A-4BE2-4669-8296-31B3C4916E81}.Release|Any CPU.Build.0 = Release|Any CPU
		{442CEA8A-4BE2-4669-8296-31B3C4916E81}.Release|iPhone.ActiveCfg = Release|Any CPU
		{442CEA8A-4BE2-4669-8296-31B3C4916E81}.Release|iPhone.Build.0 = Release|Any CPU
		{442CEA8A-4BE2-4669-8296-31B3C4916E81}.Release|iPhoneSimulator.ActiveCfg = Release|Any CPU
		{442CEA8A-4BE2-4669-8296-31B3C4916E81}.Release|iPhoneSimulator.Build.0 = Release|Any CPU
	EndGlobalSection
	GlobalSection(SolutionProperties) = preSolution
		HideSolutionNode = FALSE
	EndGlobalSection
	GlobalSection(ExtensibilityGlobals) = postSolution
		SolutionGuid = {3825EFE9-D4AD-4177-8FD8-49AF53FE36F5}
	EndGlobalSection
EndGlobal
